// !$*UTF8*$!
{
	archiveVersion = 1;
	classes = {
	};
	objectVersion = 50;
	objects = {

/* Begin PBXBuildFile section */
		CEA1FB6826B1264A001D83EB /* AppDelegate.swift in Sources */ = {isa = PBXBuildFile; fileRef = CEA1FB6726B1264A001D83EB /* AppDelegate.swift */; };
		CEA1FB6A26B1264A001D83EB /* SceneDelegate.swift in Sources */ = {isa = PBXBuildFile; fileRef = CEA1FB6926B1264A001D83EB /* SceneDelegate.swift */; };
		CEA1FB6C26B1264A001D83EB /* HomeViewController.swift in Sources */ = {isa = PBXBuildFile; fileRef = CEA1FB6B26B1264A001D83EB /* HomeViewController.swift */; };
		CEA1FB7126B1264D001D83EB /* Assets.xcassets in Resources */ = {isa = PBXBuildFile; fileRef = CEA1FB7026B1264D001D83EB /* Assets.xcassets */; };
		CEA1FB7426B1264D001D83EB /* LaunchScreen.storyboard in Resources */ = {isa = PBXBuildFile; fileRef = CEA1FB7226B1264D001D83EB /* LaunchScreen.storyboard */; };
		CEA1FB8226B1299B001D83EB /* TabBarViewController.swift in Sources */ = {isa = PBXBuildFile; fileRef = CEA1FB8126B1299B001D83EB /* TabBarViewController.swift */; };
		CEA1FB8426B129C3001D83EB /* SearchViewController.swift in Sources */ = {isa = PBXBuildFile; fileRef = CEA1FB8326B129C3001D83EB /* SearchViewController.swift */; };
		CEA1FB8626B129CF001D83EB /* LibraryViewController.swift in Sources */ = {isa = PBXBuildFile; fileRef = CEA1FB8526B129CF001D83EB /* LibraryViewController.swift */; };
		CEA1FB8A26B129F1001D83EB /* AuthViewController.swift in Sources */ = {isa = PBXBuildFile; fileRef = CEA1FB8926B129F1001D83EB /* AuthViewController.swift */; };
		CEA1FB8C26B12A07001D83EB /* WelcomeViewController.swift in Sources */ = {isa = PBXBuildFile; fileRef = CEA1FB8B26B12A07001D83EB /* WelcomeViewController.swift */; };
		CEA1FB8E26B12A10001D83EB /* SettingsViewController.swift in Sources */ = {isa = PBXBuildFile; fileRef = CEA1FB8D26B12A0F001D83EB /* SettingsViewController.swift */; };
		CEA1FB9026B12A1D001D83EB /* ProfileViewController.swift in Sources */ = {isa = PBXBuildFile; fileRef = CEA1FB8F26B12A1D001D83EB /* ProfileViewController.swift */; };
		CEA1FB9226B12A2A001D83EB /* PlayerViewController.swift in Sources */ = {isa = PBXBuildFile; fileRef = CEA1FB9126B12A2A001D83EB /* PlayerViewController.swift */; };
		CEA1FB9426B12A35001D83EB /* PlaylistViewController.swift in Sources */ = {isa = PBXBuildFile; fileRef = CEA1FB9326B12A35001D83EB /* PlaylistViewController.swift */; };
		CEA1FB9626B12A46001D83EB /* SearchResultViewController.swift in Sources */ = {isa = PBXBuildFile; fileRef = CEA1FB9526B12A46001D83EB /* SearchResultViewController.swift */; };
		CEA1FB9826B12A69001D83EB /* AuthManager.swift in Sources */ = {isa = PBXBuildFile; fileRef = CEA1FB9726B12A69001D83EB /* AuthManager.swift */; };
		CEA1FB9A26B12A75001D83EB /* APICaller.swift in Sources */ = {isa = PBXBuildFile; fileRef = CEA1FB9926B12A75001D83EB /* APICaller.swift */; };
		CEA1FB9C26B12A7F001D83EB /* HapticsManager.swift in Sources */ = {isa = PBXBuildFile; fileRef = CEA1FB9B26B12A7F001D83EB /* HapticsManager.swift */; };
		CEA1FB9E26B12A96001D83EB /* Playlist.swift in Sources */ = {isa = PBXBuildFile; fileRef = CEA1FB9D26B12A96001D83EB /* Playlist.swift */; };
		CEA1FBA026B12AA0001D83EB /* AudioTrack.swift in Sources */ = {isa = PBXBuildFile; fileRef = CEA1FB9F26B12AA0001D83EB /* AudioTrack.swift */; };
		CEA1FBA226B12AAB001D83EB /* Artist.swift in Sources */ = {isa = PBXBuildFile; fileRef = CEA1FBA126B12AAB001D83EB /* Artist.swift */; };
		CEA1FBA426B12AB4001D83EB /* Profile.swift in Sources */ = {isa = PBXBuildFile; fileRef = CEA1FBA326B12AB4001D83EB /* Profile.swift */; };
		CEA1FBA626B13C02001D83EB /* Extensions.swift in Sources */ = {isa = PBXBuildFile; fileRef = CEA1FBA526B13C02001D83EB /* Extensions.swift */; };
/* End PBXBuildFile section */

/* Begin PBXFileReference section */
		CEA1FB6426B1264A001D83EB /* Spotify.app */ = {isa = PBXFileReference; explicitFileType = wrapper.application; includeInIndex = 0; path = Spotify.app; sourceTree = BUILT_PRODUCTS_DIR; };
		CEA1FB6726B1264A001D83EB /* AppDelegate.swift */ = {isa = PBXFileReference; lastKnownFileType = sourcecode.swift; path = AppDelegate.swift; sourceTree = "<group>"; };
		CEA1FB6926B1264A001D83EB /* SceneDelegate.swift */ = {isa = PBXFileReference; lastKnownFileType = sourcecode.swift; path = SceneDelegate.swift; sourceTree = "<group>"; };
		CEA1FB6B26B1264A001D83EB /* HomeViewController.swift */ = {isa = PBXFileReference; lastKnownFileType = sourcecode.swift; path = HomeViewController.swift; sourceTree = "<group>"; };
		CEA1FB7026B1264D001D83EB /* Assets.xcassets */ = {isa = PBXFileReference; lastKnownFileType = folder.assetcatalog; path = Assets.xcassets; sourceTree = "<group>"; };
		CEA1FB7326B1264D001D83EB /* Base */ = {isa = PBXFileReference; lastKnownFileType = file.storyboard; name = Base; path = Base.lproj/LaunchScreen.storyboard; sourceTree = "<group>"; };
		CEA1FB7526B1264D001D83EB /* Info.plist */ = {isa = PBXFileReference; lastKnownFileType = text.plist.xml; path = Info.plist; sourceTree = "<group>"; };
		CEA1FB8126B1299B001D83EB /* TabBarViewController.swift */ = {isa = PBXFileReference; lastKnownFileType = sourcecode.swift; path = TabBarViewController.swift; sourceTree = "<group>"; };
		CEA1FB8326B129C3001D83EB /* SearchViewController.swift */ = {isa = PBXFileReference; lastKnownFileType = sourcecode.swift; path = SearchViewController.swift; sourceTree = "<group>"; };
		CEA1FB8526B129CF001D83EB /* LibraryViewController.swift */ = {isa = PBXFileReference; lastKnownFileType = sourcecode.swift; path = LibraryViewController.swift; sourceTree = "<group>"; };
		CEA1FB8926B129F1001D83EB /* AuthViewController.swift */ = {isa = PBXFileReference; lastKnownFileType = sourcecode.swift; path = AuthViewController.swift; sourceTree = "<group>"; };
		CEA1FB8B26B12A07001D83EB /* WelcomeViewController.swift */ = {isa = PBXFileReference; lastKnownFileType = sourcecode.swift; path = WelcomeViewController.swift; sourceTree = "<group>"; };
		CEA1FB8D26B12A0F001D83EB /* SettingsViewController.swift */ = {isa = PBXFileReference; lastKnownFileType = sourcecode.swift; path = SettingsViewController.swift; sourceTree = "<group>"; };
		CEA1FB8F26B12A1D001D83EB /* ProfileViewController.swift */ = {isa = PBXFileReference; lastKnownFileType = sourcecode.swift; path = ProfileViewController.swift; sourceTree = "<group>"; };
		CEA1FB9126B12A2A001D83EB /* PlayerViewController.swift */ = {isa = PBXFileReference; lastKnownFileType = sourcecode.swift; path = PlayerViewController.swift; sourceTree = "<group>"; };
		CEA1FB9326B12A35001D83EB /* PlaylistViewController.swift */ = {isa = PBXFileReference; lastKnownFileType = sourcecode.swift; path = PlaylistViewController.swift; sourceTree = "<group>"; };
		CEA1FB9526B12A46001D83EB /* SearchResultViewController.swift */ = {isa = PBXFileReference; lastKnownFileType = sourcecode.swift; path = SearchResultViewController.swift; sourceTree = "<group>"; };
		CEA1FB9726B12A69001D83EB /* AuthManager.swift */ = {isa = PBXFileReference; lastKnownFileType = sourcecode.swift; path = AuthManager.swift; sourceTree = "<group>"; };
		CEA1FB9926B12A75001D83EB /* APICaller.swift */ = {isa = PBXFileReference; lastKnownFileType = sourcecode.swift; path = APICaller.swift; sourceTree = "<group>"; };
		CEA1FB9B26B12A7F001D83EB /* HapticsManager.swift */ = {isa = PBXFileReference; lastKnownFileType = sourcecode.swift; path = HapticsManager.swift; sourceTree = "<group>"; };
		CEA1FB9D26B12A96001D83EB /* Playlist.swift */ = {isa = PBXFileReference; lastKnownFileType = sourcecode.swift; path = Playlist.swift; sourceTree = "<group>"; };
		CEA1FB9F26B12AA0001D83EB /* AudioTrack.swift */ = {isa = PBXFileReference; lastKnownFileType = sourcecode.swift; path = AudioTrack.swift; sourceTree = "<group>"; };
		CEA1FBA126B12AAB001D83EB /* Artist.swift */ = {isa = PBXFileReference; lastKnownFileType = sourcecode.swift; path = Artist.swift; sourceTree = "<group>"; };
		CEA1FBA326B12AB4001D83EB /* Profile.swift */ = {isa = PBXFileReference; lastKnownFileType = sourcecode.swift; path = Profile.swift; sourceTree = "<group>"; };
		CEA1FBA526B13C02001D83EB /* Extensions.swift */ = {isa = PBXFileReference; lastKnownFileType = sourcecode.swift; path = Extensions.swift; sourceTree = "<group>"; };
/* End PBXFileReference section */

/* Begin PBXFrameworksBuildPhase section */
		CEA1FB6126B1264A001D83EB /* Frameworks */ = {
			isa = PBXFrameworksBuildPhase;
			buildActionMask = 2147483647;
			files = (
			);
			runOnlyForDeploymentPostprocessing = 0;
		};
/* End PBXFrameworksBuildPhase section */

/* Begin PBXGroup section */
		CEA1FB5B26B1264A001D83EB = {
			isa = PBXGroup;
			children = (
				CEA1FB6626B1264A001D83EB /* Spotify */,
				CEA1FB6526B1264A001D83EB /* Products */,
			);
			sourceTree = "<group>";
		};
		CEA1FB6526B1264A001D83EB /* Products */ = {
			isa = PBXGroup;
			children = (
				CEA1FB6426B1264A001D83EB /* Spotify.app */,
			);
			name = Products;
			sourceTree = "<group>";
		};
		CEA1FB6626B1264A001D83EB /* Spotify */ = {
			isa = PBXGroup;
			children = (
				CEA1FB8026B127FA001D83EB /* Resources */,
				CEA1FB7F26B127F4001D83EB /* Managers */,
				CEA1FB7E26B127EB001D83EB /* ViewModels */,
				CEA1FB7D26B127E5001D83EB /* Models */,
				CEA1FB7C26B127DF001D83EB /* View */,
				CEA1FB7B26B127D8001D83EB /* Controllers */,
				CEA1FB7526B1264D001D83EB /* Info.plist */,
			);
			path = Spotify;
			sourceTree = "<group>";
		};
		CEA1FB7B26B127D8001D83EB /* Controllers */ = {
			isa = PBXGroup;
			children = (
				CEA1FB8826B129E3001D83EB /* Other */,
				CEA1FB8726B129D9001D83EB /* Core */,
			);
			path = Controllers;
			sourceTree = "<group>";
		};
		CEA1FB7C26B127DF001D83EB /* View */ = {
			isa = PBXGroup;
			children = (
				CEA1FB7226B1264D001D83EB /* LaunchScreen.storyboard */,
			);
			path = View;
			sourceTree = "<group>";
		};
		CEA1FB7D26B127E5001D83EB /* Models */ = {
			isa = PBXGroup;
			children = (
				CEA1FB9D26B12A96001D83EB /* Playlist.swift */,
				CEA1FB9F26B12AA0001D83EB /* AudioTrack.swift */,
				CEA1FBA126B12AAB001D83EB /* Artist.swift */,
				CEA1FBA326B12AB4001D83EB /* Profile.swift */,
			);
			path = Models;
			sourceTree = "<group>";
		};
		CEA1FB7E26B127EB001D83EB /* ViewModels */ = {
			isa = PBXGroup;
			children = (
			);
			path = ViewModels;
			sourceTree = "<group>";
		};
		CEA1FB7F26B127F4001D83EB /* Managers */ = {
			isa = PBXGroup;
			children = (
				CEA1FB9726B12A69001D83EB /* AuthManager.swift */,
				CEA1FB9926B12A75001D83EB /* APICaller.swift */,
				CEA1FB9B26B12A7F001D83EB /* HapticsManager.swift */,
			);
			path = Managers;
			sourceTree = "<group>";
		};
		CEA1FB8026B127FA001D83EB /* Resources */ = {
			isa = PBXGroup;
			children = (
				CEA1FB6726B1264A001D83EB /* AppDelegate.swift */,
				CEA1FB6926B1264A001D83EB /* SceneDelegate.swift */,
				CEA1FB7026B1264D001D83EB /* Assets.xcassets */,
				CEA1FBA526B13C02001D83EB /* Extensions.swift */,
			);
			path = Resources;
			sourceTree = "<group>";
		};
		CEA1FB8726B129D9001D83EB /* Core */ = {
			isa = PBXGroup;
			children = (
				CEA1FB8126B1299B001D83EB /* TabBarViewController.swift */,
				CEA1FB6B26B1264A001D83EB /* HomeViewController.swift */,
				CEA1FB8326B129C3001D83EB /* SearchViewController.swift */,
				CEA1FB8526B129CF001D83EB /* LibraryViewController.swift */,
			);
			path = Core;
			sourceTree = "<group>";
		};
		CEA1FB8826B129E3001D83EB /* Other */ = {
			isa = PBXGroup;
			children = (
				CEA1FB8926B129F1001D83EB /* AuthViewController.swift */,
				CEA1FB8B26B12A07001D83EB /* WelcomeViewController.swift */,
				CEA1FB8D26B12A0F001D83EB /* SettingsViewController.swift */,
				CEA1FB8F26B12A1D001D83EB /* ProfileViewController.swift */,
				CEA1FB9126B12A2A001D83EB /* PlayerViewController.swift */,
				CEA1FB9326B12A35001D83EB /* PlaylistViewController.swift */,
				CEA1FB9526B12A46001D83EB /* SearchResultViewController.swift */,
			);
			path = Other;
			sourceTree = "<group>";
		};
/* End PBXGroup section */

/* Begin PBXNativeTarget section */
		CEA1FB6326B1264A001D83EB /* Spotify */ = {
			isa = PBXNativeTarget;
			buildConfigurationList = CEA1FB7826B1264D001D83EB /* Build configuration list for PBXNativeTarget "Spotify" */;
			buildPhases = (
				CEA1FB6026B1264A001D83EB /* Sources */,
				CEA1FB6126B1264A001D83EB /* Frameworks */,
				CEA1FB6226B1264A001D83EB /* Resources */,
			);
			buildRules = (
			);
			dependencies = (
			);
			name = Spotify;
			productName = Spotify;
			productReference = CEA1FB6426B1264A001D83EB /* Spotify.app */;
			productType = "com.apple.product-type.application";
		};
/* End PBXNativeTarget section */

/* Begin PBXProject section */
		CEA1FB5C26B1264A001D83EB /* Project object */ = {
			isa = PBXProject;
			attributes = {
				LastSwiftUpdateCheck = 1250;
				LastUpgradeCheck = 1250;
				TargetAttributes = {
					CEA1FB6326B1264A001D83EB = {
						CreatedOnToolsVersion = 12.5;
					};
				};
			};
			buildConfigurationList = CEA1FB5F26B1264A001D83EB /* Build configuration list for PBXProject "Spotify" */;
			compatibilityVersion = "Xcode 9.3";
			developmentRegion = en;
			hasScannedForEncodings = 0;
			knownRegions = (
				en,
				Base,
			);
			mainGroup = CEA1FB5B26B1264A001D83EB;
			productRefGroup = CEA1FB6526B1264A001D83EB /* Products */;
			projectDirPath = "";
			projectRoot = "";
			targets = (
				CEA1FB6326B1264A001D83EB /* Spotify */,
			);
		};
/* End PBXProject section */

/* Begin PBXResourcesBuildPhase section */
		CEA1FB6226B1264A001D83EB /* Resources */ = {
			isa = PBXResourcesBuildPhase;
			buildActionMask = 2147483647;
			files = (
				CEA1FB7426B1264D001D83EB /* LaunchScreen.storyboard in Resources */,
				CEA1FB7126B1264D001D83EB /* Assets.xcassets in Resources */,
			);
			runOnlyForDeploymentPostprocessing = 0;
		};
/* End PBXResourcesBuildPhase section */

/* Begin PBXSourcesBuildPhase section */
		CEA1FB6026B1264A001D83EB /* Sources */ = {
			isa = PBXSourcesBuildPhase;
			buildActionMask = 2147483647;
			files = (
				CEA1FB8426B129C3001D83EB /* SearchViewController.swift in Sources */,
				CEA1FBA426B12AB4001D83EB /* Profile.swift in Sources */,
				CEA1FB9E26B12A96001D83EB /* Playlist.swift in Sources */,
				CEA1FB9826B12A69001D83EB /* AuthManager.swift in Sources */,
				CEA1FB8C26B12A07001D83EB /* WelcomeViewController.swift in Sources */,
				CEA1FB9026B12A1D001D83EB /* ProfileViewController.swift in Sources */,
				CEA1FB8226B1299B001D83EB /* TabBarViewController.swift in Sources */,
				CEA1FB6C26B1264A001D83EB /* HomeViewController.swift in Sources */,
				CEA1FB9C26B12A7F001D83EB /* HapticsManager.swift in Sources */,
				CEA1FBA026B12AA0001D83EB /* AudioTrack.swift in Sources */,
				CEA1FB8A26B129F1001D83EB /* AuthViewController.swift in Sources */,
				CEA1FB6826B1264A001D83EB /* AppDelegate.swift in Sources */,
				CEA1FB8626B129CF001D83EB /* LibraryViewController.swift in Sources */,
				CEA1FBA626B13C02001D83EB /* Extensions.swift in Sources */,
				CEA1FB9426B12A35001D83EB /* PlaylistViewController.swift in Sources */,
				CEA1FBA226B12AAB001D83EB /* Artist.swift in Sources */,
				CEA1FB6A26B1264A001D83EB /* SceneDelegate.swift in Sources */,
				CEA1FB9226B12A2A001D83EB /* PlayerViewController.swift in Sources */,
				CEA1FB9626B12A46001D83EB /* SearchResultViewController.swift in Sources */,
				CEA1FB9A26B12A75001D83EB /* APICaller.swift in Sources */,
				CEA1FB8E26B12A10001D83EB /* SettingsViewController.swift in Sources */,
			);
			runOnlyForDeploymentPostprocessing = 0;
		};
/* End PBXSourcesBuildPhase section */

/* Begin PBXVariantGroup section */
		CEA1FB7226B1264D001D83EB /* LaunchScreen.storyboard */ = {
			isa = PBXVariantGroup;
			children = (
				CEA1FB7326B1264D001D83EB /* Base */,
			);
			name = LaunchScreen.storyboard;
			sourceTree = "<group>";
		};
/* End PBXVariantGroup section */

/* Begin XCBuildConfiguration section */
		CEA1FB7626B1264D001D83EB /* Debug */ = {
			isa = XCBuildConfiguration;
			buildSettings = {
				ALWAYS_SEARCH_USER_PATHS = NO;
				CLANG_ANALYZER_NONNULL = YES;
				CLANG_ANALYZER_NUMBER_OBJECT_CONVERSION = YES_AGGRESSIVE;
				CLANG_CXX_LANGUAGE_STANDARD = "gnu++14";
				CLANG_CXX_LIBRARY = "libc++";
				CLANG_ENABLE_MODULES = YES;
				CLANG_ENABLE_OBJC_ARC = YES;
				CLANG_ENABLE_OBJC_WEAK = YES;
				CLANG_WARN_BLOCK_CAPTURE_AUTORELEASING = YES;
				CLANG_WARN_BOOL_CONVERSION = YES;
				CLANG_WARN_COMMA = YES;
				CLANG_WARN_CONSTANT_CONVERSION = YES;
				CLANG_WARN_DEPRECATED_OBJC_IMPLEMENTATIONS = YES;
				CLANG_WARN_DIRECT_OBJC_ISA_USAGE = YES_ERROR;
				CLANG_WARN_DOCUMENTATION_COMMENTS = YES;
				CLANG_WARN_EMPTY_BODY = YES;
				CLANG_WARN_ENUM_CONVERSION = YES;
				CLANG_WARN_INFINITE_RECURSION = YES;
				CLANG_WARN_INT_CONVERSION = YES;
				CLANG_WARN_NON_LITERAL_NULL_CONVERSION = YES;
				CLANG_WARN_OBJC_IMPLICIT_RETAIN_SELF = YES;
				CLANG_WARN_OBJC_LITERAL_CONVERSION = YES;
				CLANG_WARN_OBJC_ROOT_CLASS = YES_ERROR;
				CLANG_WARN_QUOTED_INCLUDE_IN_FRAMEWORK_HEADER = YES;
				CLANG_WARN_RANGE_LOOP_ANALYSIS = YES;
				CLANG_WARN_STRICT_PROTOTYPES = YES;
				CLANG_WARN_SUSPICIOUS_MOVE = YES;
				CLANG_WARN_UNGUARDED_AVAILABILITY = YES_AGGRESSIVE;
				CLANG_WARN_UNREACHABLE_CODE = YES;
				CLANG_WARN__DUPLICATE_METHOD_MATCH = YES;
				COPY_PHASE_STRIP = NO;
				DEBUG_INFORMATION_FORMAT = dwarf;
				ENABLE_STRICT_OBJC_MSGSEND = YES;
				ENABLE_TESTABILITY = YES;
				GCC_C_LANGUAGE_STANDARD = gnu11;
				GCC_DYNAMIC_NO_PIC = NO;
				GCC_NO_COMMON_BLOCKS = YES;
				GCC_OPTIMIZATION_LEVEL = 0;
				GCC_PREPROCESSOR_DEFINITIONS = (
					"DEBUG=1",
					"$(inherited)",
				);
				GCC_WARN_64_TO_32_BIT_CONVERSION = YES;
				GCC_WARN_ABOUT_RETURN_TYPE = YES_ERROR;
				GCC_WARN_UNDECLARED_SELECTOR = YES;
				GCC_WARN_UNINITIALIZED_AUTOS = YES_AGGRESSIVE;
				GCC_WARN_UNUSED_FUNCTION = YES;
				GCC_WARN_UNUSED_VARIABLE = YES;
				IPHONEOS_DEPLOYMENT_TARGET = 14.5;
				MTL_ENABLE_DEBUG_INFO = INCLUDE_SOURCE;
				MTL_FAST_MATH = YES;
				ONLY_ACTIVE_ARCH = YES;
				SDKROOT = iphoneos;
				SWIFT_ACTIVE_COMPILATION_CONDITIONS = DEBUG;
				SWIFT_OPTIMIZATION_LEVEL = "-Onone";
			};
			name = Debug;
		};
		CEA1FB7726B1264D001D83EB /* Release */ = {
			isa = XCBuildConfiguration;
			buildSettings = {
				ALWAYS_SEARCH_USER_PATHS = NO;
				CLANG_ANALYZER_NONNULL = YES;
				CLANG_ANALYZER_NUMBER_OBJECT_CONVERSION = YES_AGGRESSIVE;
				CLANG_CXX_LANGUAGE_STANDARD = "gnu++14";
				CLANG_CXX_LIBRARY = "libc++";
				CLANG_ENABLE_MODULES = YES;
				CLANG_ENABLE_OBJC_ARC = YES;
				CLANG_ENABLE_OBJC_WEAK = YES;
				CLANG_WARN_BLOCK_CAPTURE_AUTORELEASING = YES;
				CLANG_WARN_BOOL_CONVERSION = YES;
				CLANG_WARN_COMMA = YES;
				CLANG_WARN_CONSTANT_CONVERSION = YES;
				CLANG_WARN_DEPRECATED_OBJC_IMPLEMENTATIONS = YES;
				CLANG_WARN_DIRECT_OBJC_ISA_USAGE = YES_ERROR;
				CLANG_WARN_DOCUMENTATION_COMMENTS = YES;
				CLANG_WARN_EMPTY_BODY = YES;
				CLANG_WARN_ENUM_CONVERSION = YES;
				CLANG_WARN_INFINITE_RECURSION = YES;
				CLANG_WARN_INT_CONVERSION = YES;
				CLANG_WARN_NON_LITERAL_NULL_CONVERSION = YES;
				CLANG_WARN_OBJC_IMPLICIT_RETAIN_SELF = YES;
				CLANG_WARN_OBJC_LITERAL_CONVERSION = YES;
				CLANG_WARN_OBJC_ROOT_CLASS = YES_ERROR;
				CLANG_WARN_QUOTED_INCLUDE_IN_FRAMEWORK_HEADER = YES;
				CLANG_WARN_RANGE_LOOP_ANALYSIS = YES;
				CLANG_WARN_STRICT_PROTOTYPES = YES;
				CLANG_WARN_SUSPICIOUS_MOVE = YES;
				CLANG_WARN_UNGUARDED_AVAILABILITY = YES_AGGRESSIVE;
				CLANG_WARN_UNREACHABLE_CODE = YES;
				CLANG_WARN__DUPLICATE_METHOD_MATCH = YES;
				COPY_PHASE_STRIP = NO;
				DEBUG_INFORMATION_FORMAT = "dwarf-with-dsym";
				ENABLE_NS_ASSERTIONS = NO;
				ENABLE_STRICT_OBJC_MSGSEND = YES;
				GCC_C_LANGUAGE_STANDARD = gnu11;
				GCC_NO_COMMON_BLOCKS = YES;
				GCC_WARN_64_TO_32_BIT_CONVERSION = YES;
				GCC_WARN_ABOUT_RETURN_TYPE = YES_ERROR;
				GCC_WARN_UNDECLARED_SELECTOR = YES;
				GCC_WARN_UNINITIALIZED_AUTOS = YES_AGGRESSIVE;
				GCC_WARN_UNUSED_FUNCTION = YES;
				GCC_WARN_UNUSED_VARIABLE = YES;
				IPHONEOS_DEPLOYMENT_TARGET = 14.5;
				MTL_ENABLE_DEBUG_INFO = NO;
				MTL_FAST_MATH = YES;
				SDKROOT = iphoneos;
				SWIFT_COMPILATION_MODE = wholemodule;
				SWIFT_OPTIMIZATION_LEVEL = "-O";
				VALIDATE_PRODUCT = YES;
			};
			name = Release;
		};
		CEA1FB7926B1264D001D83EB /* Debug */ = {
			isa = XCBuildConfiguration;
			buildSettings = {
				ASSETCATALOG_COMPILER_APPICON_NAME = AppIcon;
				ASSETCATALOG_COMPILER_GLOBAL_ACCENT_COLOR_NAME = AccentColor;
				CODE_SIGN_STYLE = Automatic;
				INFOPLIST_FILE = Spotify/Info.plist;
				LD_RUNPATH_SEARCH_PATHS = (
					"$(inherited)",
					"@executable_path/Frameworks",
				);
				PRODUCT_BUNDLE_IDENTIFIER = hellraiser.Spotify;
				PRODUCT_NAME = "$(TARGET_NAME)";
				SWIFT_VERSION = 5.0;
				TARGETED_DEVICE_FAMILY = "1,2";
			};
			name = Debug;
		};
		CEA1FB7A26B1264D001D83EB /* Release */ = {
			isa = XCBuildConfiguration;
			buildSettings = {
				ASSETCATALOG_COMPILER_APPICON_NAME = AppIcon;
				ASSETCATALOG_COMPILER_GLOBAL_ACCENT_COLOR_NAME = AccentColor;
				CODE_SIGN_STYLE = Automatic;
				INFOPLIST_FILE = Spotify/Info.plist;
				LD_RUNPATH_SEARCH_PATHS = (
					"$(inherited)",
					"@executable_path/Frameworks",
				);
				PRODUCT_BUNDLE_IDENTIFIER = hellraiser.Spotify;
				PRODUCT_NAME = "$(TARGET_NAME)";
				SWIFT_VERSION = 5.0;
				TARGETED_DEVICE_FAMILY = "1,2";
			};
			name = Release;
		};
/* End XCBuildConfiguration section */

/* Begin XCConfigurationList section */
		CEA1FB5F26B1264A001D83EB /* Build configuration list for PBXProject "Spotify" */ = {
			isa = XCConfigurationList;
			buildConfigurations = (
				CEA1FB7626B1264D001D83EB /* Debug */,
				CEA1FB7726B1264D001D83EB /* Release */,
			);
			defaultConfigurationIsVisible = 0;
			defaultConfigurationName = Release;
		};
		CEA1FB7826B1264D001D83EB /* Build configuration list for PBXNativeTarget "Spotify" */ = {
			isa = XCConfigurationList;
			buildConfigurations = (
				CEA1FB7926B1264D001D83EB /* Debug */,
				CEA1FB7A26B1264D001D83EB /* Release */,
			);
			defaultConfigurationIsVisible = 0;
			defaultConfigurationName = Release;
		};
/* End XCConfigurationList section */
	};
	rootObject = CEA1FB5C26B1264A001D83EB /* Project object */;
}
